# @generated - this file is auto-generated by `mise lock` https://mise.jdx.dev/dev-tools/mise-lock.html

[[tools."aqua:astral-sh/ruff"]]
version = "0.12.7"
backend = "aqua:astral-sh/ruff"

[tools."aqua:astral-sh/ruff"."platforms.linux-arm64"]
checksum = "sha256:5f97261a334af4f4ba41baa5cea0f0dfd8d732d9ab22beb5bf0639804389bfa3"
url = "https://github.com/astral-sh/ruff/releases/download/0.12.7/ruff-aarch64-unknown-linux-musl.tar.gz"
url_api = "https://api.github.com/repos/astral-sh/ruff/releases/assets/277570934"

[tools."aqua:astral-sh/ruff"."platforms.linux-arm64-musl"]
checksum = "sha256:5f97261a334af4f4ba41baa5cea0f0dfd8d732d9ab22beb5bf0639804389bfa3"
url = "https://github.com/astral-sh/ruff/releases/download/0.12.7/ruff-aarch64-unknown-linux-musl.tar.gz"
url_api = "https://api.github.com/repos/astral-sh/ruff/releases/assets/277570934"

[tools."aqua:astral-sh/ruff"."platforms.linux-x64"]
checksum = "sha256:58aeb49137d0a9df810ba26c778d10d612f8c1439439527a6a95c90ea318c7c5"
url = "https://github.com/astral-sh/ruff/releases/download/0.12.7/ruff-x86_64-unknown-linux-musl.tar.gz"
url_api = "https://api.github.com/repos/astral-sh/ruff/releases/assets/277570975"

[tools."aqua:astral-sh/ruff"."platforms.linux-x64-musl"]
checksum = "sha256:58aeb49137d0a9df810ba26c778d10d612f8c1439439527a6a95c90ea318c7c5"
url = "https://github.com/astral-sh/ruff/releases/download/0.12.7/ruff-x86_64-unknown-linux-musl.tar.gz"
url_api = "https://api.github.com/repos/astral-sh/ruff/releases/assets/277570975"

[tools."aqua:astral-sh/ruff"."platforms.macos-arm64"]
checksum = "sha256:86b39b4002bb12588af972ad56cfddc1eaa0879c4badb07f0021fae77b5cd958"
url = "https://github.com/astral-sh/ruff/releases/download/0.12.7/ruff-aarch64-apple-darwin.tar.gz"
url_api = "https://api.github.com/repos/astral-sh/ruff/releases/assets/277570928"

[tools."aqua:astral-sh/ruff"."platforms.macos-x64"]
checksum = "sha256:f0179a587d5509f32ab16bd95cdf64ddcebc80d653e3674161d366312a4eaf7a"
url = "https://github.com/astral-sh/ruff/releases/download/0.12.7/ruff-x86_64-apple-darwin.tar.gz"
url_api = "https://api.github.com/repos/astral-sh/ruff/releases/assets/277570967"

[tools."aqua:astral-sh/ruff"."platforms.windows-x64"]
checksum = "sha256:12a239698d4f0926523cb51a9b00a560615d6237e9a748c563a74f4708f4abdf"
url = "https://github.com/astral-sh/ruff/releases/download/0.12.7/ruff-x86_64-pc-windows-msvc.zip"
url_api = "https://api.github.com/repos/astral-sh/ruff/releases/assets/277570970"

[[tools."aqua:biomejs/biome"]]
version = "2.5.5"
backend = "aqua:biomejs/biome"

[tools."aqua:biomejs/biome"."platforms.linux-arm64"]
checksum = "sha256:836d16eea672a4e92966e019582f606ef4a687496abbf6d547f31a5ef8a33548"
url = "https://github.com/biomejs/biome/releases/download/%40biomejs/biome%402.5.5/biome-linux-arm64"
url_api = "https://api.github.com/repos/biomejs/biome/releases/assets/484416084"
provenance = "github-attestations"

[tools."aqua:biomejs/biome"."platforms.linux-arm64-musl"]
checksum = "sha256:0f487c28eca2c87e0eb79b73ad84c9fc0bbab6a6cf3513f5fedbc74ef2ca2d0b"
url = "https://github.com/biomejs/biome/releases/download/%40biomejs/biome%402.5.5/biome-linux-arm64-musl"
url_api = "https://api.github.com/repos/biomejs/biome/releases/assets/484416087"
provenance = "github-attestations"

[tools."aqua:biomejs/biome"."platforms.linux-x64"]
checksum = "sha256:12ecb833102c8bf8ab6ede7ecd5b6e6fc76e8af95b3ef356933a1f5330afc028"
url = "https://github.com/biomejs/biome/releases/download/%40biomejs/biome%402.5.5/biome-linux-x64"
url_api = "https://api.github.com/repos/biomejs/biome/releases/assets/484416085"

[tools."aqua:biomejs/biome"."platforms.linux-x64-musl"]
checksum = "sha256:549fea27c74212aaeb2c737346028facbcca7a93f66cf4aa145388dd8b18d7bc"
url = "https://github.com/biomejs/biome/releases/download/%40biomejs/biome%402.5.5/biome-linux-x64-musl"
url_api = "https://api.github.com/repos/biomejs/biome/releases/assets/484416086"
provenance = "github-attestations"

[tools."aqua:biomejs/biome"."platforms.macos-arm64"]
checksum = "sha256:6072d68d3a4faf74c2802c106654904f2052f85675a3d1632213dd977a4b64bb"
url = "https://github.com/biomejs/biome/releases/download/%40biomejs/biome%402.5.5/biome-darwin-arm64"
url_api = "https://api.github.com/repos/biomejs/biome/releases/assets/484416090"
provenance = "github-attestations"

[tools."aqua:biomejs/biome"."platforms.macos-x64"]
checksum = "sha256:81f7f09a1ffacd225a65a29e2506ad02013b95964e684554cc5cc7ae9db005b4"
url = "https://github.com/biomejs/biome/releases/download/%40biomejs/biome%402.5.5/biome-darwin-x64"
url_api = "https://api.github.com/repos/biomejs/biome/releases/assets/484416089"
provenance = "github-attestations"

[tools."aqua:biomejs/biome"."platforms.windows-x64"]
checksum = "sha256:f24c77f79d02dff42bfa4ee62e31b0522754d87eaaa3202435c7126cdb30ebd2"
url = "https://github.com/biomejs/biome/releases/download/%40biomejs/biome%402.5.5/biome-win32-x64.exe"
url_api = "https://api.github.com/repos/biomejs/biome/releases/assets/484416083"
provenance = "github-attestations"

[[tools."github:PHP-CS-Fixer/PHP-CS-Fixer"]]
version = "3.95.15"
backend = "github:PHP-CS-Fixer/PHP-CS-Fixer"

[tools."github:PHP-CS-Fixer/PHP-CS-Fixer".options]
asset_pattern = "php-cs-fixer.phar"

[tools."github:PHP-CS-Fixer/PHP-CS-Fixer"."platforms.linux-arm64"]
checksum = "sha256:813717fc1c8e7ff01f6896c44ae81574f9d4302f26f01c14b1da838654464103"
url = "https://github.com/PHP-CS-Fixer/PHP-CS-Fixer/releases/download/v3.95.15/php-cs-fixer.phar"
url_api = "https://api.github.com/repos/PHP-CS-Fixer/PHP-CS-Fixer/releases/assets/477772911"

[tools."github:PHP-CS-Fixer/PHP-CS-Fixer"."platforms.linux-arm64-musl"]
checksum = "sha256:813717fc1c8e7ff01f6896c44ae81574f9d4302f26f01c14b1da838654464103"
url = "https://github.com/PHP-CS-Fixer/PHP-CS-Fixer/releases/download/v3.95.15/php-cs-fixer.phar"
url_api = "https://api.github.com/repos/PHP-CS-Fixer/PHP-CS-Fixer/releases/assets/477772911"

[tools."github:PHP-CS-Fixer/PHP-CS-Fixer"."platforms.linux-x64"]
checksum = "sha256:813717fc1c8e7ff01f6896c44ae81574f9d4302f26f01c14b1da838654464103"
url = "https://github.com/PHP-CS-Fixer/PHP-CS-Fixer/releases/download/v3.95.15/php-cs-fixer.phar"
url_api = "https://api.github.com/repos/PHP-CS-Fixer/PHP-CS-Fixer/releases/assets/477772911"

[tools."github:PHP-CS-Fixer/PHP-CS-Fixer"."platforms.linux-x64-musl"]
checksum = "sha256:813717fc1c8e7ff01f6896c44ae81574f9d4302f26f01c14b1da838654464103"
url = "https://github.com/PHP-CS-Fixer/PHP-CS-Fixer/releases/download/v3.95.15/php-cs-fixer.phar"
url_api = "https://api.github.com/repos/PHP-CS-Fixer/PHP-CS-Fixer/releases/assets/477772911"

[tools."github:PHP-CS-Fixer/PHP-CS-Fixer"."platforms.macos-arm64"]
checksum = "sha256:813717fc1c8e7ff01f6896c44ae81574f9d4302f26f01c14b1da838654464103"
url = "https://github.com/PHP-CS-Fixer/PHP-CS-Fixer/releases/download/v3.95.15/php-cs-fixer.phar"
url_api = "https://api.github.com/repos/PHP-CS-Fixer/PHP-CS-Fixer/releases/assets/477772911"

[tools."github:PHP-CS-Fixer/PHP-CS-Fixer"."platforms.macos-x64"]
checksum = "sha256:813717fc1c8e7ff01f6896c44ae81574f9d4302f26f01c14b1da838654464103"
url = "https://github.com/PHP-CS-Fixer/PHP-CS-Fixer/releases/download/v3.95.15/php-cs-fixer.phar"
url_api = "https://api.github.com/repos/PHP-CS-Fixer/PHP-CS-Fixer/releases/assets/477772911"

[tools."github:PHP-CS-Fixer/PHP-CS-Fixer"."platforms.windows-x64"]
checksum = "sha256:813717fc1c8e7ff01f6896c44ae81574f9d4302f26f01c14b1da838654464103"
url = "https://github.com/PHP-CS-Fixer/PHP-CS-Fixer/releases/download/v3.95.15/php-cs-fixer.phar"
url_api = "https://api.github.com/repos/PHP-CS-Fixer/PHP-CS-Fixer/releases/assets/477772911"
