# @generated - this file is auto-generated by `mise lock` https://mise.jdx.dev/dev-tools/mise-lock.html

[[tools."aqua:astral-sh/ruff"]]
version = "0.12.7"
backend = "aqua:astral-sh/ruff"

[tools."aqua:astral-sh/ruff"."platforms.linux-arm64"]
checksum = "sha256:5f97261a334af4f4ba41baa5cea0f0dfd8d732d9ab22beb5bf0639804389bfa3"
url = "https://github.com/astral-sh/ruff/releases/download/0.12.7/ruff-aarch64-unknown-linux-musl.tar.gz"
url_api = "https://api.github.com/repos/astral-sh/ruff/releases/assets/277570934"

[tools."aqua:astral-sh/ruff"."platforms.linux-arm64-musl"]
checksum = "sha256:5f97261a334af4f4ba41baa5cea0f0dfd8d732d9ab22beb5bf0639804389bfa3"
url = "https://github.com/astral-sh/ruff/releases/download/0.12.7/ruff-aarch64-unknown-linux-musl.tar.gz"
url_api = "https://api.github.com/repos/astral-sh/ruff/releases/assets/277570934"

[tools."aqua:astral-sh/ruff"."platforms.linux-x64"]
checksum = "sha256:58aeb49137d0a9df810ba26c778d10d612f8c1439439527a6a95c90ea318c7c5"
url = "https://github.com/astral-sh/ruff/releases/download/0.12.7/ruff-x86_64-unknown-linux-musl.tar.gz"
url_api = "https://api.github.com/repos/astral-sh/ruff/releases/assets/277570975"

[tools."aqua:astral-sh/ruff"."platforms.linux-x64-musl"]
checksum = "sha256:58aeb49137d0a9df810ba26c778d10d612f8c1439439527a6a95c90ea318c7c5"
url = "https://github.com/astral-sh/ruff/releases/download/0.12.7/ruff-x86_64-unknown-linux-musl.tar.gz"
url_api = "https://api.github.com/repos/astral-sh/ruff/releases/assets/277570975"

[tools."aqua:astral-sh/ruff"."platforms.macos-arm64"]
checksum = "sha256:86b39b4002bb12588af972ad56cfddc1eaa0879c4badb07f0021fae77b5cd958"
url = "https://github.com/astral-sh/ruff/releases/download/0.12.7/ruff-aarch64-apple-darwin.tar.gz"
url_api = "https://api.github.com/repos/astral-sh/ruff/releases/assets/277570928"

[tools."aqua:astral-sh/ruff"."platforms.macos-x64"]
checksum = "sha256:f0179a587d5509f32ab16bd95cdf64ddcebc80d653e3674161d366312a4eaf7a"
url = "https://github.com/astral-sh/ruff/releases/download/0.12.7/ruff-x86_64-apple-darwin.tar.gz"
url_api = "https://api.github.com/repos/astral-sh/ruff/releases/assets/277570967"

[tools."aqua:astral-sh/ruff"."platforms.windows-x64"]
checksum = "sha256:12a239698d4f0926523cb51a9b00a560615d6237e9a748c563a74f4708f4abdf"
url = "https://github.com/astral-sh/ruff/releases/download/0.12.7/ruff-x86_64-pc-windows-msvc.zip"
url_api = "https://api.github.com/repos/astral-sh/ruff/releases/assets/277570970"

[[tools."github:PHP-CS-Fixer/PHP-CS-Fixer"]]
version = "3.95.15"
backend = "github:PHP-CS-Fixer/PHP-CS-Fixer"

[tools."github:PHP-CS-Fixer/PHP-CS-Fixer".options]
asset_pattern = "php-cs-fixer.phar"

[tools."github:PHP-CS-Fixer/PHP-CS-Fixer"."platforms.linux-arm64"]
checksum = "sha256:813717fc1c8e7ff01f6896c44ae81574f9d4302f26f01c14b1da838654464103"
url = "https://github.com/PHP-CS-Fixer/PHP-CS-Fixer/releases/download/v3.95.15/php-cs-fixer.phar"
url_api = "https://api.github.com/repos/PHP-CS-Fixer/PHP-CS-Fixer/releases/assets/477772911"

[tools."github:PHP-CS-Fixer/PHP-CS-Fixer"."platforms.linux-arm64-musl"]
checksum = "sha256:813717fc1c8e7ff01f6896c44ae81574f9d4302f26f01c14b1da838654464103"
url = "https://github.com/PHP-CS-Fixer/PHP-CS-Fixer/releases/download/v3.95.15/php-cs-fixer.phar"
url_api = "https://api.github.com/repos/PHP-CS-Fixer/PHP-CS-Fixer/releases/assets/477772911"

[tools."github:PHP-CS-Fixer/PHP-CS-Fixer"."platforms.linux-x64"]
checksum = "sha256:813717fc1c8e7ff01f6896c44ae81574f9d4302f26f01c14b1da838654464103"
url = "https://github.com/PHP-CS-Fixer/PHP-CS-Fixer/releases/download/v3.95.15/php-cs-fixer.phar"
url_api = "https://api.github.com/repos/PHP-CS-Fixer/PHP-CS-Fixer/releases/assets/477772911"

[tools."github:PHP-CS-Fixer/PHP-CS-Fixer"."platforms.linux-x64-musl"]
checksum = "sha256:813717fc1c8e7ff01f6896c44ae81574f9d4302f26f01c14b1da838654464103"
url = "https://github.com/PHP-CS-Fixer/PHP-CS-Fixer/releases/download/v3.95.15/php-cs-fixer.phar"
url_api = "https://api.github.com/repos/PHP-CS-Fixer/PHP-CS-Fixer/releases/assets/477772911"

[tools."github:PHP-CS-Fixer/PHP-CS-Fixer"."platforms.macos-arm64"]
checksum = "sha256:813717fc1c8e7ff01f6896c44ae81574f9d4302f26f01c14b1da838654464103"
url = "https://github.com/PHP-CS-Fixer/PHP-CS-Fixer/releases/download/v3.95.15/php-cs-fixer.phar"
url_api = "https://api.github.com/repos/PHP-CS-Fixer/PHP-CS-Fixer/releases/assets/477772911"

[tools."github:PHP-CS-Fixer/PHP-CS-Fixer"."platforms.macos-x64"]
checksum = "sha256:813717fc1c8e7ff01f6896c44ae81574f9d4302f26f01c14b1da838654464103"
url = "https://github.com/PHP-CS-Fixer/PHP-CS-Fixer/releases/download/v3.95.15/php-cs-fixer.phar"
url_api = "https://api.github.com/repos/PHP-CS-Fixer/PHP-CS-Fixer/releases/assets/477772911"

[tools."github:PHP-CS-Fixer/PHP-CS-Fixer"."platforms.windows-x64"]
checksum = "sha256:813717fc1c8e7ff01f6896c44ae81574f9d4302f26f01c14b1da838654464103"
url = "https://github.com/PHP-CS-Fixer/PHP-CS-Fixer/releases/download/v3.95.15/php-cs-fixer.phar"
url_api = "https://api.github.com/repos/PHP-CS-Fixer/PHP-CS-Fixer/releases/assets/477772911"
