# @generated - this file is auto-generated by `mise lock` https://mise.jdx.dev/dev-tools/mise-lock.html

[[tools."aqua:astral-sh/ruff"]]
version = "0.16.2"
backend = "aqua:astral-sh/ruff"

[tools."aqua:astral-sh/ruff"."platforms.linux-arm64"]
checksum = "sha256:7cc696f9d89cfeef02167301feedfc3017061fe45df3688b4f3589cde90a1139"
url = "https://github.com/astral-sh/ruff/releases/download/0.16.2/ruff-aarch64-unknown-linux-musl.tar.gz"
url_api = "https://api.github.com/repos/astral-sh/ruff/releases/assets/505191631"
provenance = "github-attestations"

[tools."aqua:astral-sh/ruff"."platforms.linux-arm64-musl"]
checksum = "sha256:7cc696f9d89cfeef02167301feedfc3017061fe45df3688b4f3589cde90a1139"
url = "https://github.com/astral-sh/ruff/releases/download/0.16.2/ruff-aarch64-unknown-linux-musl.tar.gz"
url_api = "https://api.github.com/repos/astral-sh/ruff/releases/assets/505191631"
provenance = "github-attestations"

[tools."aqua:astral-sh/ruff"."platforms.linux-x64"]
checksum = "sha256:df690c6a80a7c41b6f1154dd0b5dfc152a209cafa06ffd3d4ff30f9751f4965c"
url = "https://github.com/astral-sh/ruff/releases/download/0.16.2/ruff-x86_64-unknown-linux-musl.tar.gz"
url_api = "https://api.github.com/repos/astral-sh/ruff/releases/assets/505191732"
provenance = "github-attestations"

[tools."aqua:astral-sh/ruff"."platforms.linux-x64-musl"]
checksum = "sha256:df690c6a80a7c41b6f1154dd0b5dfc152a209cafa06ffd3d4ff30f9751f4965c"
url = "https://github.com/astral-sh/ruff/releases/download/0.16.2/ruff-x86_64-unknown-linux-musl.tar.gz"
url_api = "https://api.github.com/repos/astral-sh/ruff/releases/assets/505191732"
provenance = "github-attestations"

[tools."aqua:astral-sh/ruff"."platforms.macos-arm64"]
checksum = "sha256:fbf6cbc23d254b0bc03a6fb2b1b04efb917fe5ce068d027e735ce7ed65b9bed6"
url = "https://github.com/astral-sh/ruff/releases/download/0.16.2/ruff-aarch64-apple-darwin.tar.gz"
url_api = "https://api.github.com/repos/astral-sh/ruff/releases/assets/505191610"
provenance = "github-attestations"

[tools."aqua:astral-sh/ruff"."platforms.macos-x64"]
checksum = "sha256:6648fa7a7c95b087c5b9d269d8b9a567fae091bdef3993f77cc7531a01bd7266"
url = "https://github.com/astral-sh/ruff/releases/download/0.16.2/ruff-x86_64-apple-darwin.tar.gz"
url_api = "https://api.github.com/repos/astral-sh/ruff/releases/assets/505191712"
provenance = "github-attestations"

[tools."aqua:astral-sh/ruff"."platforms.windows-x64"]
checksum = "sha256:84d2c6761bef8a299156bd24559aa1499024041b378dcb5e70ee85f7df12b1af"
url = "https://github.com/astral-sh/ruff/releases/download/0.16.2/ruff-x86_64-pc-windows-msvc.zip"
url_api = "https://api.github.com/repos/astral-sh/ruff/releases/assets/505191722"
provenance = "github-attestations"

[[tools."aqua:biomejs/biome"]]
version = "2.5.7"
backend = "aqua:biomejs/biome"

[tools."aqua:biomejs/biome"."platforms.linux-arm64"]
checksum = "sha256:27490d47af66420788b634afb48db23b588f272c8a284ba3daf706a5faa640ab"
url = "https://github.com/biomejs/biome/releases/download/%40biomejs/biome%402.5.7/biome-linux-arm64"
url_api = "https://api.github.com/repos/biomejs/biome/releases/assets/501376677"
provenance = "github-attestations"

[tools."aqua:biomejs/biome"."platforms.linux-arm64-musl"]
checksum = "sha256:19f095da173fa6e274db4eaba7cdcff61bde32ad368f754b3185c9eabcd67202"
url = "https://github.com/biomejs/biome/releases/download/%40biomejs/biome%402.5.7/biome-linux-arm64-musl"
url_api = "https://api.github.com/repos/biomejs/biome/releases/assets/501376675"
provenance = "github-attestations"

[tools."aqua:biomejs/biome"."platforms.linux-x64"]
checksum = "sha256:7b5045d6d34f055df8ffe1bf3077164e6f6a24c45a41497d628a5e86d0e12fe7"
url = "https://github.com/biomejs/biome/releases/download/%40biomejs/biome%402.5.7/biome-linux-x64"
url_api = "https://api.github.com/repos/biomejs/biome/releases/assets/501376676"
provenance = "github-attestations"

[tools."aqua:biomejs/biome"."platforms.linux-x64-musl"]
checksum = "sha256:4609a493068d7a84c61d01d5ed5ec8cafb805bcc520486be63f0a388bbe3c827"
url = "https://github.com/biomejs/biome/releases/download/%40biomejs/biome%402.5.7/biome-linux-x64-musl"
url_api = "https://api.github.com/repos/biomejs/biome/releases/assets/501376681"
provenance = "github-attestations"

[tools."aqua:biomejs/biome"."platforms.macos-arm64"]
checksum = "sha256:f71fe80909d2f70f1e051320f5ba9dfd553bc5ef3bacef5cdee1b00ee96a285c"
url = "https://github.com/biomejs/biome/releases/download/%40biomejs/biome%402.5.7/biome-darwin-arm64"
url_api = "https://api.github.com/repos/biomejs/biome/releases/assets/501376674"
provenance = "github-attestations"

[tools."aqua:biomejs/biome"."platforms.macos-x64"]
checksum = "sha256:887431b79e45758e05d94a89111af72b28e5d6545c92480ecac9247d8bacb321"
url = "https://github.com/biomejs/biome/releases/download/%40biomejs/biome%402.5.7/biome-darwin-x64"
url_api = "https://api.github.com/repos/biomejs/biome/releases/assets/501376680"
provenance = "github-attestations"

[tools."aqua:biomejs/biome"."platforms.windows-x64"]
checksum = "sha256:62adea0ea523f04cc5c074b2bb00e748b97252023aede03196e1bf4aacf80a9c"
url = "https://github.com/biomejs/biome/releases/download/%40biomejs/biome%402.5.7/biome-win32-x64.exe"
url_api = "https://api.github.com/repos/biomejs/biome/releases/assets/501376679"
provenance = "github-attestations"

[[tools."github:PHP-CS-Fixer/PHP-CS-Fixer"]]
version = "3.95.18"
backend = "github:PHP-CS-Fixer/PHP-CS-Fixer"

[tools."github:PHP-CS-Fixer/PHP-CS-Fixer".options]
asset_pattern = "php-cs-fixer.phar"

[tools."github:PHP-CS-Fixer/PHP-CS-Fixer"."platforms.linux-arm64"]
checksum = "sha256:4109a4ea6b9a40a411b9bf15536813de656f548d4c5be492af2adb4e94972212"
url = "https://github.com/PHP-CS-Fixer/PHP-CS-Fixer/releases/download/v3.95.18/php-cs-fixer.phar"
url_api = "https://api.github.com/repos/PHP-CS-Fixer/PHP-CS-Fixer/releases/assets/495545915"

[tools."github:PHP-CS-Fixer/PHP-CS-Fixer"."platforms.linux-arm64-musl"]
checksum = "sha256:4109a4ea6b9a40a411b9bf15536813de656f548d4c5be492af2adb4e94972212"
url = "https://github.com/PHP-CS-Fixer/PHP-CS-Fixer/releases/download/v3.95.18/php-cs-fixer.phar"
url_api = "https://api.github.com/repos/PHP-CS-Fixer/PHP-CS-Fixer/releases/assets/495545915"

[tools."github:PHP-CS-Fixer/PHP-CS-Fixer"."platforms.linux-x64"]
checksum = "sha256:4109a4ea6b9a40a411b9bf15536813de656f548d4c5be492af2adb4e94972212"
url = "https://github.com/PHP-CS-Fixer/PHP-CS-Fixer/releases/download/v3.95.18/php-cs-fixer.phar"
url_api = "https://api.github.com/repos/PHP-CS-Fixer/PHP-CS-Fixer/releases/assets/495545915"

[tools."github:PHP-CS-Fixer/PHP-CS-Fixer"."platforms.linux-x64-musl"]
checksum = "sha256:4109a4ea6b9a40a411b9bf15536813de656f548d4c5be492af2adb4e94972212"
url = "https://github.com/PHP-CS-Fixer/PHP-CS-Fixer/releases/download/v3.95.18/php-cs-fixer.phar"
url_api = "https://api.github.com/repos/PHP-CS-Fixer/PHP-CS-Fixer/releases/assets/495545915"

[tools."github:PHP-CS-Fixer/PHP-CS-Fixer"."platforms.macos-arm64"]
checksum = "sha256:4109a4ea6b9a40a411b9bf15536813de656f548d4c5be492af2adb4e94972212"
url = "https://github.com/PHP-CS-Fixer/PHP-CS-Fixer/releases/download/v3.95.18/php-cs-fixer.phar"
url_api = "https://api.github.com/repos/PHP-CS-Fixer/PHP-CS-Fixer/releases/assets/495545915"

[tools."github:PHP-CS-Fixer/PHP-CS-Fixer"."platforms.macos-x64"]
checksum = "sha256:4109a4ea6b9a40a411b9bf15536813de656f548d4c5be492af2adb4e94972212"
url = "https://github.com/PHP-CS-Fixer/PHP-CS-Fixer/releases/download/v3.95.18/php-cs-fixer.phar"
url_api = "https://api.github.com/repos/PHP-CS-Fixer/PHP-CS-Fixer/releases/assets/495545915"

[tools."github:PHP-CS-Fixer/PHP-CS-Fixer"."platforms.windows-x64"]
checksum = "sha256:4109a4ea6b9a40a411b9bf15536813de656f548d4c5be492af2adb4e94972212"
url = "https://github.com/PHP-CS-Fixer/PHP-CS-Fixer/releases/download/v3.95.18/php-cs-fixer.phar"
url_api = "https://api.github.com/repos/PHP-CS-Fixer/PHP-CS-Fixer/releases/assets/495545915"
